// !$*UTF8*$!
{
	archiveVersion = 1;
	classes = {
	};
	objectVersion = 46;
	objects = {

/* Begin PBXBuildFile section */
		02868F865D33494A95D962E6 /* libPods.a in Frameworks */ = {isa = PBXBuildFile; fileRef = 7E935428A1C6427291934F6A /* libPods.a */; };
		9E1461A917CB6A9600357057 /* newspaper.png in Resources */ = {isa = PBXBuildFile; fileRef = 9E1461A817CB6A9600357057 /* newspaper.png */; };
		9E1461AD17CB6B7A00357057 /* microphone.png in Resources */ = {isa = PBXBuildFile; fileRef = 9E1461AC17CB6B7A00357057 /* microphone.png */; };
		9E1461AF17CB6BA100357057 /* map.png in Resources */ = {isa = PBXBuildFile; fileRef = 9E1461AE17CB6BA100357057 /* map.png */; };
		9E1461B117CB6BF500357057 /* envelope.png in Resources */ = {isa = PBXBuildFile; fileRef = 9E1461B017CB6BF500357057 /* envelope.png */; };
		9E1461BA17CB6F3800357057 /* ECNewsViewController.m in Sources */ = {isa = PBXBuildFile; fileRef = 9E1461B917CB6F3800357057 /* ECNewsViewController.m */; };
		9E1461C017CB774F00357057 /* ECContactViewController.m in Sources */ = {isa = PBXBuildFile; fileRef = 9E1461BF17CB774F00357057 /* ECContactViewController.m */; };
		9E1461C317CB7CC200357057 /* ECVenueViewController.m in Sources */ = {isa = PBXBuildFile; fileRef = 9E1461C217CB7CC200357057 /* ECVenueViewController.m */; };
		9E2104B717C729D3001F1392 /* Vision202Logo.png in Resources */ = {isa = PBXBuildFile; fileRef = 9E2104B617C729D3001F1392 /* Vision202Logo.png */; };
		9E2104BD17C79608001F1392 /* splash-background.png in Resources */ = {isa = PBXBuildFile; fileRef = 9E2104BC17C79608001F1392 /* splash-background.png */; };
		9E239A6317B4F21F00DC6800 /* marriott.jpg in Resources */ = {isa = PBXBuildFile; fileRef = 9E239A6217B4F21F00DC6800 /* marriott.jpg */; };
		9E239A6517B51B7300DC6800 /* calendar.png in Resources */ = {isa = PBXBuildFile; fileRef = 9E239A6417B51B7300DC6800 /* calendar.png */; };
		9E239A6917B51BB400DC6800 /* compose-4.png in Resources */ = {isa = PBXBuildFile; fileRef = 9E239A6817B51BB400DC6800 /* compose-4.png */; };
		9E239A6C17B51BFF00DC6800 /* settings-3.png in Resources */ = {isa = PBXBuildFile; fileRef = 9E239A6A17B51BFF00DC6800 /* settings-3.png */; };
		9E239A6D17B51BFF00DC6800 /* users.png in Resources */ = {isa = PBXBuildFile; fileRef = 9E239A6B17B51BFF00DC6800 /* users.png */; };
		9E239A7517B524DA00DC6800 /* info.png in Resources */ = {isa = PBXBuildFile; fileRef = 9E239A7417B524DA00DC6800 /* info.png */; };
		9E239A7717B5252300DC6800 /* question.png in Resources */ = {isa = PBXBuildFile; fileRef = 9E239A7617B5252300DC6800 /* question.png */; };
		9E239A7917B5294B00DC6800 /* star.png in Resources */ = {isa = PBXBuildFile; fileRef = 9E239A7817B5294B00DC6800 /* star.png */; };
		9E239A7B17B529A600DC6800 /* bullhorn.png in Resources */ = {isa = PBXBuildFile; fileRef = 9E239A7A17B529A600DC6800 /* bullhorn.png */; };
		9E239A7E17B52B0200DC6800 /* ECScheduleTableViewController.m in Sources */ = {isa = PBXBuildFile; fileRef = 9E239A7D17B52B0200DC6800 /* ECScheduleTableViewController.m */; };
		9E239A8117B52B1F00DC6800 /* ECWorkshopTableViewController.m in Sources */ = {isa = PBXBuildFile; fileRef = 9E239A8017B52B1F00DC6800 /* ECWorkshopTableViewController.m */; };
		9E28B31017AF847F0018E344 /* ECConstants.m in Sources */ = {isa = PBXBuildFile; fileRef = 9E28B30F17AF847F0018E344 /* ECConstants.m */; };
		9E28B31317AFA5B50018E344 /* ECWebService.m in Sources */ = {isa = PBXBuildFile; fileRef = 9E28B31217AFA5B50018E344 /* ECWebService.m */; };
		9E3DEBD217C8EB85008B674F /* splash-background-dark.png in Resources */ = {isa = PBXBuildFile; fileRef = 9E3DEBD117C8EB85008B674F /* splash-background-dark.png */; };
		9E436C3A17B1344000554D4E /* ECQuizTableViewController.m in Sources */ = {isa = PBXBuildFile; fileRef = 9E436C3917B1344000554D4E /* ECQuizTableViewController.m */; };
		9E544A0517CCB571005DA968 /* ECMainHeaderView.m in Sources */ = {isa = PBXBuildFile; fileRef = 9E544A0417CCB571005DA968 /* ECMainHeaderView.m */; };
		9E544A0717CCF993005DA968 /* pin.png in Resources */ = {isa = PBXBuildFile; fileRef = 9E544A0617CCF993005DA968 /* pin.png */; };
		9E893CCB17C4DEE500A2D905 /* ECGurukulViewController.m in Sources */ = {isa = PBXBuildFile; fileRef = 9E893CCA17C4DEE500A2D905 /* ECGurukulViewController.m */; };
		9E893CCE17C4F33D00A2D905 /* ECAbstractViewController.m in Sources */ = {isa = PBXBuildFile; fileRef = 9E893CCD17C4F33D00A2D905 /* ECAbstractViewController.m */; };
		9EA6EA4817C8E46C009773E9 /* dsge.png in Resources */ = {isa = PBXBuildFile; fileRef = 9EA6EA4717C8E46C009773E9 /* dsge.png */; };
		9EC4447517B215DE00BEC95F /* ECFacultyTableViewController.m in Sources */ = {isa = PBXBuildFile; fileRef = 9EC4447417B215DE00BEC95F /* ECFacultyTableViewController.m */; };
		9EC4447817B2172C00BEC95F /* ECAddressViewController.m in Sources */ = {isa = PBXBuildFile; fileRef = 9EC4447717B2172C00BEC95F /* ECAddressViewController.m */; };
		9EC4447B17B21D1600BEC95F /* ECAboutTableViewController.m in Sources */ = {isa = PBXBuildFile; fileRef = 9EC4447A17B21D1600BEC95F /* ECAboutTableViewController.m */; };
		9EC4447D17B225D300BEC95F /* MapKit.framework in Frameworks */ = {isa = PBXBuildFile; fileRef = 9EC4447C17B225D300BEC95F /* MapKit.framework */; };
		9EC4448017B22ED600BEC95F /* ECVenueAnnotation.m in Sources */ = {isa = PBXBuildFile; fileRef = 9EC4447F17B22ED600BEC95F /* ECVenueAnnotation.m */; };
		9EC5DB3F17AB9416008E5009 /* UIKit.framework in Frameworks */ = {isa = PBXBuildFile; fileRef = 9EC5DB3E17AB9416008E5009 /* UIKit.framework */; };
		9EC5DB4117AB9416008E5009 /* Foundation.framework in Frameworks */ = {isa = PBXBuildFile; fileRef = 9EC5DB4017AB9416008E5009 /* Foundation.framework */; };
		9EC5DB4317AB9416008E5009 /* CoreGraphics.framework in Frameworks */ = {isa = PBXBuildFile; fileRef = 9EC5DB4217AB9416008E5009 /* CoreGraphics.framework */; };
		9EC5DB4917AB9416008E5009 /* InfoPlist.strings in Resources */ = {isa = PBXBuildFile; fileRef = 9EC5DB4717AB9416008E5009 /* InfoPlist.strings */; };
		9EC5DB4B17AB9416008E5009 /* main.m in Sources */ = {isa = PBXBuildFile; fileRef = 9EC5DB4A17AB9416008E5009 /* main.m */; };
		9EC5DB4F17AB9416008E5009 /* ECAppDelegate.m in Sources */ = {isa = PBXBuildFile; fileRef = 9EC5DB4E17AB9416008E5009 /* ECAppDelegate.m */; };
		9EC5DB5117AB9417008E5009 /* Default.png in Resources */ = {isa = PBXBuildFile; fileRef = 9EC5DB5017AB9416008E5009 /* Default.png */; };
		9EC5DB5317AB9417008E5009 /* Default@2x.png in Resources */ = {isa = PBXBuildFile; fileRef = 9EC5DB5217AB9417008E5009 /* Default@2x.png */; };
		9EC5DB5517AB9417008E5009 /* Default-568h@2x.png in Resources */ = {isa = PBXBuildFile; fileRef = 9EC5DB5417AB9417008E5009 /* Default-568h@2x.png */; };
		9EC5DB5817AB9417008E5009 /* iPhone.storyboard in Resources */ = {isa = PBXBuildFile; fileRef = 9EC5DB5617AB9417008E5009 /* iPhone.storyboard */; };
		9EC5DB5B17AB9417008E5009 /* ECSplashViewController.m in Sources */ = {isa = PBXBuildFile; fileRef = 9EC5DB5A17AB9417008E5009 /* ECSplashViewController.m */; };
		9EC5DB6917ABB51E008E5009 /* ECMainViewController.m in Sources */ = {isa = PBXBuildFile; fileRef = 9EC5DB6817ABB51E008E5009 /* ECMainViewController.m */; };
		9EC5DB8117ABBAFB008E5009 /* NSString+FontAwesome.m in Sources */ = {isa = PBXBuildFile; fileRef = 9EC5DB8017ABBAFB008E5009 /* NSString+FontAwesome.m */; };
		9EC5DB8317ABBB15008E5009 /* FontAwesome.ttf in Resources */ = {isa = PBXBuildFile; fileRef = 9EC5DB8217ABBB15008E5009 /* FontAwesome.ttf */; };
		9EC5DB8917ABDFFB008E5009 /* ECMainViewCell.m in Sources */ = {isa = PBXBuildFile; fileRef = 9EC5DB8817ABDFFB008E5009 /* ECMainViewCell.m */; };
		9EC5DB8D17ABEAAE008E5009 /* logo.png in Resources */ = {isa = PBXBuildFile; fileRef = 9EC5DB8C17ABEAAE008E5009 /* logo.png */; };
		9EC5DB9017AC0239008E5009 /* ECSuggestionViewController.m in Sources */ = {isa = PBXBuildFile; fileRef = 9EC5DB8F17AC0239008E5009 /* ECSuggestionViewController.m */; };
		9EDB281617CA0654008CE5B7 /* ECCommitteViewController.m in Sources */ = {isa = PBXBuildFile; fileRef = 9EDB281517CA0654008CE5B7 /* ECCommitteViewController.m */; };
		9EDB281917CA0A95008CE5B7 /* ECCommitteCell.m in Sources */ = {isa = PBXBuildFile; fileRef = 9EDB281817CA0A95008CE5B7 /* ECCommitteCell.m */; };
		9EDB282117CA18C5008CE5B7 /* document.png in Resources */ = {isa = PBXBuildFile; fileRef = 9EDB282017CA18C5008CE5B7 /* document.png */; };
		9EE67A3517C8A71600611732 /* ECRegisterViewController.m in Sources */ = {isa = PBXBuildFile; fileRef = 9EE67A3417C8A71600611732 /* ECRegisterViewController.m */; };
		9EE67A3717C8E3E700611732 /* sgei.png in Resources */ = {isa = PBXBuildFile; fileRef = 9EE67A3617C8E3E700611732 /* sgei.png */; };
		9EE67A3917C8E3FB00611732 /* dmhrc.png in Resources */ = {isa = PBXBuildFile; fileRef = 9EE67A3817C8E3FB00611732 /* dmhrc.png */; };
		9EEC3FB817B370AA00A09734 /* ECFacultyViewCell.m in Sources */ = {isa = PBXBuildFile; fileRef = 9EEC3FB717B370AA00A09734 /* ECFacultyViewCell.m */; };
		9EEC3FBA17B3A42500A09734 /* profile_placeholder.png in Resources */ = {isa = PBXBuildFile; fileRef = 9EEC3FB917B3A42500A09734 /* profile_placeholder.png */; };
		9EEC3FD317B3E3BE00A09734 /* ECLoginTableViewController.m in Sources */ = {isa = PBXBuildFile; fileRef = 9EEC3FD217B3E3BE00A09734 /* ECLoginTableViewController.m */; };
		9EF8E68917C8E49400D4E4BA /* psg.png in Resources */ = {isa = PBXBuildFile; fileRef = 9EF8E68817C8E49400D4E4BA /* psg.png */; };
/* End PBXBuildFile section */

/* Begin PBXFileReference section */
		7E935428A1C6427291934F6A /* libPods.a */ = {isa = PBXFileReference; explicitFileType = archive.ar; includeInIndex = 0; path = libPods.a; sourceTree = BUILT_PRODUCTS_DIR; };
		9E1461A817CB6A9600357057 /* newspaper.png */ = {isa = PBXFileReference; lastKnownFileType = image.png; name = newspaper.png; path = "../../../../kishoremaramreddy/Downloads/Batch-master 2/PNG/64x64/newspaper.png"; sourceTree = "<group>"; };
		9E1461AC17CB6B7A00357057 /* microphone.png */ = {isa = PBXFileReference; lastKnownFileType = image.png; name = microphone.png; path = "../../../../kishoremaramreddy/Downloads/Batch-master 2/PNG/64x64/microphone.png"; sourceTree = "<group>"; };
		9E1461AE17CB6BA100357057 /* map.png */ = {isa = PBXFileReference; lastKnownFileType = image.png; name = map.png; path = "../../../../kishoremaramreddy/Downloads/Batch-master 2/PNG/64x64/map.png"; sourceTree = "<group>"; };
		9E1461B017CB6BF500357057 /* envelope.png */ = {isa = PBXFileReference; lastKnownFileType = image.png; name = envelope.png; path = "../../../../kishoremaramreddy/Downloads/Batch-master 2/PNG/64x64/envelope.png"; sourceTree = "<group>"; };
		9E1461B817CB6F3800357057 /* ECNewsViewController.h */ = {isa = PBXFileReference; fileEncoding = 4; lastKnownFileType = sourcecode.c.h; path = ECNewsViewController.h; sourceTree = "<group>"; };
		9E1461B917CB6F3800357057 /* ECNewsViewController.m */ = {isa = PBXFileReference; fileEncoding = 4; lastKnownFileType = sourcecode.c.objc; path = ECNewsViewController.m; sourceTree = "<group>"; };
		9E1461BE17CB774F00357057 /* ECContactViewController.h */ = {isa = PBXFileReference; fileEncoding = 4; lastKnownFileType = sourcecode.c.h; path = ECContactViewController.h; sourceTree = "<group>"; };
		9E1461BF17CB774F00357057 /* ECContactViewController.m */ = {isa = PBXFileReference; fileEncoding = 4; lastKnownFileType = sourcecode.c.objc; path = ECContactViewController.m; sourceTree = "<group>"; };
		9E1461C117CB7CC200357057 /* ECVenueViewController.h */ = {isa = PBXFileReference; fileEncoding = 4; lastKnownFileType = sourcecode.c.h; path = ECVenueViewController.h; sourceTree = "<group>"; };
		9E1461C217CB7CC200357057 /* ECVenueViewController.m */ = {isa = PBXFileReference; fileEncoding = 4; lastKnownFileType = sourcecode.c.objc; path = ECVenueViewController.m; sourceTree = "<group>"; };
		9E2104B617C729D3001F1392 /* Vision202Logo.png */ = {isa = PBXFileReference; lastKnownFileType = image.png; name = Vision202Logo.png; path = ../../../../kishoremaramreddy/Downloads/Vision202Logo.png; sourceTree = "<group>"; };
		9E2104BC17C79608001F1392 /* splash-background.png */ = {isa = PBXFileReference; lastKnownFileType = image.png; name = "splash-background.png"; path = "../../../../kishoremaramreddy/Downloads/splash-background.png"; sourceTree = "<group>"; };
		9E239A6217B4F21F00DC6800 /* marriott.jpg */ = {isa = PBXFileReference; lastKnownFileType = image.jpeg; name = marriott.jpg; path = ../../../../kishoremaramreddy/Downloads/marriott.jpg; sourceTree = "<group>"; };
		9E239A6417B51B7300DC6800 /* calendar.png */ = {isa = PBXFileReference; lastKnownFileType = image.png; name = calendar.png; path = "../../../../kishoremaramreddy/Downloads/Batch-master 2/PNG/64x64/calendar.png"; sourceTree = "<group>"; };
		9E239A6817B51BB400DC6800 /* compose-4.png */ = {isa = PBXFileReference; lastKnownFileType = image.png; name = "compose-4.png"; path = "../../../../kishoremaramreddy/Downloads/Batch-master 2/PNG/64x64/compose-4.png"; sourceTree = "<group>"; };
		9E239A6A17B51BFF00DC6800 /* settings-3.png */ = {isa = PBXFileReference; lastKnownFileType = image.png; name = "settings-3.png"; path = "../../../../kishoremaramreddy/Downloads/Batch-master 2/PNG/64x64/settings-3.png"; sourceTree = "<group>"; };
		9E239A6B17B51BFF00DC6800 /* users.png */ = {isa = PBXFileReference; lastKnownFileType = image.png; name = users.png; path = "../../../../kishoremaramreddy/Downloads/Batch-master 2/PNG/64x64/users.png"; sourceTree = "<group>"; };
		9E239A7417B524DA00DC6800 /* info.png */ = {isa = PBXFileReference; lastKnownFileType = image.png; name = info.png; path = ../../../../kishoremaramreddy/Downloads/info.png; sourceTree = "<group>"; };
		9E239A7617B5252300DC6800 /* question.png */ = {isa = PBXFileReference; lastKnownFileType = image.png; name = question.png; path = ../../../../kishoremaramreddy/Downloads/question.png; sourceTree = "<group>"; };
		9E239A7817B5294B00DC6800 /* star.png */ = {isa = PBXFileReference; lastKnownFileType = image.png; name = star.png; path = "../../../../kishoremaramreddy/Downloads/Batch-master 2/PNG/64x64/star.png"; sourceTree = "<group>"; };
		9E239A7A17B529A600DC6800 /* bullhorn.png */ = {isa = PBXFileReference; lastKnownFileType = image.png; name = bullhorn.png; path = "../../../../kishoremaramreddy/Downloads/Batch-master 2/PNG/64x64/bullhorn.png"; sourceTree = "<group>"; };
		9E239A7C17B52B0200DC6800 /* ECScheduleTableViewController.h */ = {isa = PBXFileReference; fileEncoding = 4; lastKnownFileType = sourcecode.c.h; path = ECScheduleTableViewController.h; sourceTree = "<group>"; };
		9E239A7D17B52B0200DC6800 /* ECScheduleTableViewController.m */ = {isa = PBXFileReference; fileEncoding = 4; lastKnownFileType = sourcecode.c.objc; path = ECScheduleTableViewController.m; sourceTree = "<group>"; };
		9E239A7F17B52B1E00DC6800 /* ECWorkshopTableViewController.h */ = {isa = PBXFileReference; fileEncoding = 4; lastKnownFileType = sourcecode.c.h; path = ECWorkshopTableViewController.h; sourceTree = "<group>"; };
		9E239A8017B52B1F00DC6800 /* ECWorkshopTableViewController.m */ = {isa = PBXFileReference; fileEncoding = 4; lastKnownFileType = sourcecode.c.objc; path = ECWorkshopTableViewController.m; sourceTree = "<group>"; };
		9E28B30E17AF847F0018E344 /* ECConstants.h */ = {isa = PBXFileReference; fileEncoding = 4; lastKnownFileType = sourcecode.c.h; path = ECConstants.h; sourceTree = "<group>"; };
		9E28B30F17AF847F0018E344 /* ECConstants.m */ = {isa = PBXFileReference; fileEncoding = 4; lastKnownFileType = sourcecode.c.objc; path = ECConstants.m; sourceTree = "<group>"; };
		9E28B31117AFA5B50018E344 /* ECWebService.h */ = {isa = PBXFileReference; fileEncoding = 4; lastKnownFileType = sourcecode.c.h; path = ECWebService.h; sourceTree = "<group>"; };
		9E28B31217AFA5B50018E344 /* ECWebService.m */ = {isa = PBXFileReference; fileEncoding = 4; lastKnownFileType = sourcecode.c.objc; path = ECWebService.m; sourceTree = "<group>"; };
		9E3DEBD117C8EB85008B674F /* splash-background-dark.png */ = {isa = PBXFileReference; lastKnownFileType = image.png; name = "splash-background-dark.png"; path = "../../../../kishoremaramreddy/Downloads/splash-background-dark.png"; sourceTree = "<group>"; };
		9E436C3817B1344000554D4E /* ECQuizTableViewController.h */ = {isa = PBXFileReference; fileEncoding = 4; lastKnownFileType = sourcecode.c.h; path = ECQuizTableViewController.h; sourceTree = "<group>"; };
		9E436C3917B1344000554D4E /* ECQuizTableViewController.m */ = {isa = PBXFileReference; fileEncoding = 4; lastKnownFileType = sourcecode.c.objc; path = ECQuizTableViewController.m; sourceTree = "<group>"; };
		9E544A0317CCB571005DA968 /* ECMainHeaderView.h */ = {isa = PBXFileReference; fileEncoding = 4; lastKnownFileType = sourcecode.c.h; path = ECMainHeaderView.h; sourceTree = "<group>"; };
		9E544A0417CCB571005DA968 /* ECMainHeaderView.m */ = {isa = PBXFileReference; fileEncoding = 4; lastKnownFileType = sourcecode.c.objc; path = ECMainHeaderView.m; sourceTree = "<group>"; };
		9E544A0617CCF993005DA968 /* pin.png */ = {isa = PBXFileReference; lastKnownFileType = image.png; name = pin.png; path = "../../../../kishoremaramreddy/Downloads/Batch-master 2/PNG/64x64/pin.png"; sourceTree = "<group>"; };
		9E893CC917C4DEE500A2D905 /* ECGurukulViewController.h */ = {isa = PBXFileReference; fileEncoding = 4; lastKnownFileType = sourcecode.c.h; path = ECGurukulViewController.h; sourceTree = "<group>"; };
		9E893CCA17C4DEE500A2D905 /* ECGurukulViewController.m */ = {isa = PBXFileReference; fileEncoding = 4; lastKnownFileType = sourcecode.c.objc; path = ECGurukulViewController.m; sourceTree = "<group>"; };
		9E893CCC17C4F33D00A2D905 /* ECAbstractViewController.h */ = {isa = PBXFileReference; fileEncoding = 4; lastKnownFileType = sourcecode.c.h; path = ECAbstractViewController.h; sourceTree = "<group>"; };
		9E893CCD17C4F33D00A2D905 /* ECAbstractViewController.m */ = {isa = PBXFileReference; fileEncoding = 4; lastKnownFileType = sourcecode.c.objc; path = ECAbstractViewController.m; sourceTree = "<group>"; };
		9EA6EA4717C8E46C009773E9 /* dsge.png */ = {isa = PBXFileReference; lastKnownFileType = image.png; name = dsge.png; path = ../../../../kishoremaramreddy/Downloads/mobisys/dsge.png; sourceTree = "<group>"; };
		9EC4447317B215DE00BEC95F /* ECFacultyTableViewController.h */ = {isa = PBXFileReference; fileEncoding = 4; lastKnownFileType = sourcecode.c.h; path = ECFacultyTableViewController.h; sourceTree = "<group>"; };
		9EC4447417B215DE00BEC95F /* ECFacultyTableViewController.m */ = {isa = PBXFileReference; fileEncoding = 4; lastKnownFileType = sourcecode.c.objc; path = ECFacultyTableViewController.m; sourceTree = "<group>"; };
		9EC4447617B2172C00BEC95F /* ECAddressViewController.h */ = {isa = PBXFileReference; fileEncoding = 4; lastKnownFileType = sourcecode.c.h; path = ECAddressViewController.h; sourceTree = "<group>"; };
		9EC4447717B2172C00BEC95F /* ECAddressViewController.m */ = {isa = PBXFileReference; fileEncoding = 4; lastKnownFileType = sourcecode.c.objc; path = ECAddressViewController.m; sourceTree = "<group>"; };
		9EC4447917B21D1600BEC95F /* ECAboutTableViewController.h */ = {isa = PBXFileReference; fileEncoding = 4; lastKnownFileType = sourcecode.c.h; path = ECAboutTableViewController.h; sourceTree = "<group>"; };
		9EC4447A17B21D1600BEC95F /* ECAboutTableViewController.m */ = {isa = PBXFileReference; fileEncoding = 4; lastKnownFileType = sourcecode.c.objc; path = ECAboutTableViewController.m; sourceTree = "<group>"; };
		9EC4447C17B225D300BEC95F /* MapKit.framework */ = {isa = PBXFileReference; lastKnownFileType = wrapper.framework; name = MapKit.framework; path = System/Library/Frameworks/MapKit.framework; sourceTree = SDKROOT; };
		9EC4447E17B22ED600BEC95F /* ECVenueAnnotation.h */ = {isa = PBXFileReference; fileEncoding = 4; lastKnownFileType = sourcecode.c.h; path = ECVenueAnnotation.h; sourceTree = "<group>"; };
		9EC4447F17B22ED600BEC95F /* ECVenueAnnotation.m */ = {isa = PBXFileReference; fileEncoding = 4; lastKnownFileType = sourcecode.c.objc; path = ECVenueAnnotation.m; sourceTree = "<group>"; };
		9EC5DB3B17AB9416008E5009 /* Endocon.app */ = {isa = PBXFileReference; explicitFileType = wrapper.application; includeInIndex = 0; path = Endocon.app; sourceTree = BUILT_PRODUCTS_DIR; };
		9EC5DB3E17AB9416008E5009 /* UIKit.framework */ = {isa = PBXFileReference; lastKnownFileType = wrapper.framework; name = UIKit.framework; path = System/Library/Frameworks/UIKit.framework; sourceTree = SDKROOT; };
		9EC5DB4017AB9416008E5009 /* Foundation.framework */ = {isa = PBXFileReference; lastKnownFileType = wrapper.framework; name = Foundation.framework; path = System/Library/Frameworks/Foundation.framework; sourceTree = SDKROOT; };
		9EC5DB4217AB9416008E5009 /* CoreGraphics.framework */ = {isa = PBXFileReference; lastKnownFileType = wrapper.framework; name = CoreGraphics.framework; path = System/Library/Frameworks/CoreGraphics.framework; sourceTree = SDKROOT; };
		9EC5DB4617AB9416008E5009 /* Endocon-Info.plist */ = {isa = PBXFileReference; lastKnownFileType = text.plist.xml; path = "Endocon-Info.plist"; sourceTree = "<group>"; };
		9EC5DB4817AB9416008E5009 /* en */ = {isa = PBXFileReference; lastKnownFileType = text.plist.strings; name = en; path = en.lproj/InfoPlist.strings; sourceTree = "<group>"; };
		9EC5DB4A17AB9416008E5009 /* main.m */ = {isa = PBXFileReference; lastKnownFileType = sourcecode.c.objc; path = main.m; sourceTree = "<group>"; };
		9EC5DB4C17AB9416008E5009 /* Endocon-Prefix.pch */ = {isa = PBXFileReference; lastKnownFileType = sourcecode.c.h; path = "Endocon-Prefix.pch"; sourceTree = "<group>"; };
		9EC5DB4D17AB9416008E5009 /* ECAppDelegate.h */ = {isa = PBXFileReference; lastKnownFileType = sourcecode.c.h; path = ECAppDelegate.h; sourceTree = "<group>"; };
		9EC5DB4E17AB9416008E5009 /* ECAppDelegate.m */ = {isa = PBXFileReference; lastKnownFileType = sourcecode.c.objc; path = ECAppDelegate.m; sourceTree = "<group>"; };
		9EC5DB5017AB9416008E5009 /* Default.png */ = {isa = PBXFileReference; lastKnownFileType = image.png; path = Default.png; sourceTree = "<group>"; };
		9EC5DB5217AB9417008E5009 /* Default@2x.png */ = {isa = PBXFileReference; lastKnownFileType = image.png; path = "Default@2x.png"; sourceTree = "<group>"; };
		9EC5DB5417AB9417008E5009 /* Default-568h@2x.png */ = {isa = PBXFileReference; lastKnownFileType = image.png; path = "Default-568h@2x.png"; sourceTree = "<group>"; };
		9EC5DB5717AB9417008E5009 /* en */ = {isa = PBXFileReference; lastKnownFileType = file.storyboard; name = en; path = en.lproj/iPhone.storyboard; sourceTree = "<group>"; };
		9EC5DB5917AB9417008E5009 /* ECSplashViewController.h */ = {isa = PBXFileReference; lastKnownFileType = sourcecode.c.h; path = ECSplashViewController.h; sourceTree = "<group>"; };
		9EC5DB5A17AB9417008E5009 /* ECSplashViewController.m */ = {isa = PBXFileReference; lastKnownFileType = sourcecode.c.objc; path = ECSplashViewController.m; sourceTree = "<group>"; };
		9EC5DB6717ABB51E008E5009 /* ECMainViewController.h */ = {isa = PBXFileReference; fileEncoding = 4; lastKnownFileType = sourcecode.c.h; path = ECMainViewController.h; sourceTree = "<group>"; };
		9EC5DB6817ABB51E008E5009 /* ECMainViewController.m */ = {isa = PBXFileReference; fileEncoding = 4; lastKnownFileType = sourcecode.c.objc; path = ECMainViewController.m; sourceTree = "<group>"; };
		9EC5DB7F17ABBAFB008E5009 /* NSString+FontAwesome.h */ = {isa = PBXFileReference; fileEncoding = 4; lastKnownFileType = sourcecode.c.h; name = "NSString+FontAwesome.h"; path = "../../../../kishoremaramreddy/Downloads/ios-fontawesome-master/NSString+FontAwesome.h"; sourceTree = "<group>"; };
		9EC5DB8017ABBAFB008E5009 /* NSString+FontAwesome.m */ = {isa = PBXFileReference; fileEncoding = 4; lastKnownFileType = sourcecode.c.objc; name = "NSString+FontAwesome.m"; path = "../../../../kishoremaramreddy/Downloads/ios-fontawesome-master/NSString+FontAwesome.m"; sourceTree = "<group>"; };
		9EC5DB8217ABBB15008E5009 /* FontAwesome.ttf */ = {isa = PBXFileReference; lastKnownFileType = file; name = FontAwesome.ttf; path = "../../../../kishoremaramreddy/Downloads/ios-fontawesome-master/Resources/FontAwesome.ttf"; sourceTree = "<group>"; };
		9EC5DB8717ABDFFB008E5009 /* ECMainViewCell.h */ = {isa = PBXFileReference; fileEncoding = 4; lastKnownFileType = sourcecode.c.h; path = ECMainViewCell.h; sourceTree = "<group>"; };
		9EC5DB8817ABDFFB008E5009 /* ECMainViewCell.m */ = {isa = PBXFileReference; fileEncoding = 4; lastKnownFileType = sourcecode.c.objc; path = ECMainViewCell.m; sourceTree = "<group>"; };
		9EC5DB8C17ABEAAE008E5009 /* logo.png */ = {isa = PBXFileReference; lastKnownFileType = image.png; name = logo.png; path = ../../../../kishoremaramreddy/Downloads/logo.png; sourceTree = "<group>"; };
		9EC5DB8E17AC0239008E5009 /* ECSuggestionViewController.h */ = {isa = PBXFileReference; fileEncoding = 4; lastKnownFileType = sourcecode.c.h; path = ECSuggestionViewController.h; sourceTree = "<group>"; };
		9EC5DB8F17AC0239008E5009 /* ECSuggestionViewController.m */ = {isa = PBXFileReference; fileEncoding = 4; lastKnownFileType = sourcecode.c.objc; path = ECSuggestionViewController.m; sourceTree = "<group>"; };
		9EDB281417CA0654008CE5B7 /* ECCommitteViewController.h */ = {isa = PBXFileReference; fileEncoding = 4; lastKnownFileType = sourcecode.c.h; path = ECCommitteViewController.h; sourceTree = "<group>"; };
		9EDB281517CA0654008CE5B7 /* ECCommitteViewController.m */ = {isa = PBXFileReference; fileEncoding = 4; lastKnownFileType = sourcecode.c.objc; path = ECCommitteViewController.m; sourceTree = "<group>"; };
		9EDB281717CA0A95008CE5B7 /* ECCommitteCell.h */ = {isa = PBXFileReference; fileEncoding = 4; lastKnownFileType = sourcecode.c.h; path = ECCommitteCell.h; sourceTree = "<group>"; };
		9EDB281817CA0A95008CE5B7 /* ECCommitteCell.m */ = {isa = PBXFileReference; fileEncoding = 4; lastKnownFileType = sourcecode.c.objc; path = ECCommitteCell.m; sourceTree = "<group>"; };
		9EDB282017CA18C5008CE5B7 /* document.png */ = {isa = PBXFileReference; lastKnownFileType = image.png; name = document.png; path = "../../../../kishoremaramreddy/Downloads/Batch-master 2/PNG/64x64/document.png"; sourceTree = "<group>"; };
		9EE67A3317C8A71600611732 /* ECRegisterViewController.h */ = {isa = PBXFileReference; fileEncoding = 4; lastKnownFileType = sourcecode.c.h; path = ECRegisterViewController.h; sourceTree = "<group>"; };
		9EE67A3417C8A71600611732 /* ECRegisterViewController.m */ = {isa = PBXFileReference; fileEncoding = 4; lastKnownFileType = sourcecode.c.objc; path = ECRegisterViewController.m; sourceTree = "<group>"; };
		9EE67A3617C8E3E700611732 /* sgei.png */ = {isa = PBXFileReference; lastKnownFileType = image.png; name = sgei.png; path = ../../../../kishoremaramreddy/Downloads/mobisys/sgei.png; sourceTree = "<group>"; };
		9EE67A3817C8E3FB00611732 /* dmhrc.png */ = {isa = PBXFileReference; lastKnownFileType = image.png; name = dmhrc.png; path = ../../../../kishoremaramreddy/Downloads/mobisys/dmhrc.png; sourceTree = "<group>"; };
		9EEC3FB617B370AA00A09734 /* ECFacultyViewCell.h */ = {isa = PBXFileReference; fileEncoding = 4; lastKnownFileType = sourcecode.c.h; path = ECFacultyViewCell.h; sourceTree = "<group>"; };
		9EEC3FB717B370AA00A09734 /* ECFacultyViewCell.m */ = {isa = PBXFileReference; fileEncoding = 4; lastKnownFileType = sourcecode.c.objc; path = ECFacultyViewCell.m; sourceTree = "<group>"; };
		9EEC3FB917B3A42500A09734 /* profile_placeholder.png */ = {isa = PBXFileReference; lastKnownFileType = image.png; name = profile_placeholder.png; path = ../../../../kishoremaramreddy/Downloads/profile_placeholder.png; sourceTree = "<group>"; };
		9EEC3FD117B3E3BD00A09734 /* ECLoginTableViewController.h */ = {isa = PBXFileReference; fileEncoding = 4; lastKnownFileType = sourcecode.c.h; path = ECLoginTableViewController.h; sourceTree = "<group>"; };
		9EEC3FD217B3E3BE00A09734 /* ECLoginTableViewController.m */ = {isa = PBXFileReference; fileEncoding = 4; lastKnownFileType = sourcecode.c.objc; path = ECLoginTableViewController.m; sourceTree = "<group>"; };
		9EF8E68817C8E49400D4E4BA /* psg.png */ = {isa = PBXFileReference; lastKnownFileType = image.png; name = psg.png; path = ../../../../kishoremaramreddy/Downloads/mobisys/psg.png; sourceTree = "<group>"; };
		D643EE1AA98B4A2C864656AF /* Pods.xcconfig */ = {isa = PBXFileReference; includeInIndex = 1; lastKnownFileType = text.xcconfig; name = Pods.xcconfig; path = Pods/Pods.xcconfig; sourceTree = SOURCE_ROOT; };
/* End PBXFileReference section */

/* Begin PBXFrameworksBuildPhase section */
		9EC5DB3817AB9416008E5009 /* Frameworks */ = {
			isa = PBXFrameworksBuildPhase;
			buildActionMask = 2147483647;
			files = (
				9EC4447D17B225D300BEC95F /* MapKit.framework in Frameworks */,
				9EC5DB3F17AB9416008E5009 /* UIKit.framework in Frameworks */,
				9EC5DB4117AB9416008E5009 /* Foundation.framework in Frameworks */,
				9EC5DB4317AB9416008E5009 /* CoreGraphics.framework in Frameworks */,
				02868F865D33494A95D962E6 /* libPods.a in Frameworks */,
			);
			runOnlyForDeploymentPostprocessing = 0;
		};
/* End PBXFrameworksBuildPhase section */

/* Begin PBXGroup section */
		9E28B30D17AF84690018E344 /* Constants */ = {
			isa = PBXGroup;
			children = (
				9E28B30E17AF847F0018E344 /* ECConstants.h */,
				9E28B30F17AF847F0018E344 /* ECConstants.m */,
			);
			name = Constants;
			sourceTree = "<group>";
		};
		9EC5DB3217AB9416008E5009 = {
			isa = PBXGroup;
			children = (
				9EC4447C17B225D300BEC95F /* MapKit.framework */,
				9EC5DB4417AB9416008E5009 /* Endocon */,
				9EC5DB3D17AB9416008E5009 /* Frameworks */,
				9EC5DB3C17AB9416008E5009 /* Products */,
				D643EE1AA98B4A2C864656AF /* Pods.xcconfig */,
			);
			sourceTree = "<group>";
		};
		9EC5DB3C17AB9416008E5009 /* Products */ = {
			isa = PBXGroup;
			children = (
				9EC5DB3B17AB9416008E5009 /* Endocon.app */,
			);
			name = Products;
			sourceTree = "<group>";
		};
		9EC5DB3D17AB9416008E5009 /* Frameworks */ = {
			isa = PBXGroup;
			children = (
				9EC5DB3E17AB9416008E5009 /* UIKit.framework */,
				9EC5DB4017AB9416008E5009 /* Foundation.framework */,
				9EC5DB4217AB9416008E5009 /* CoreGraphics.framework */,
				7E935428A1C6427291934F6A /* libPods.a */,
			);
			name = Frameworks;
			sourceTree = "<group>";
		};
		9EC5DB4417AB9416008E5009 /* Endocon */ = {
			isa = PBXGroup;
			children = (
				9E28B30D17AF84690018E344 /* Constants */,
				9EC5DB6617AB962F008E5009 /* Libs */,
				9EC5DB6517AB9607008E5009 /* Networking */,
				9EC5DB6417AB95D9008E5009 /* Resources */,
				9EC5DB6317AB95D2008E5009 /* Controllers */,
				9EC5DB6217AB95CC008E5009 /* Views */,
				9EC5DB6117AB95C4008E5009 /* Models */,
				9EC5DB4D17AB9416008E5009 /* ECAppDelegate.h */,
				9EC5DB4E17AB9416008E5009 /* ECAppDelegate.m */,
				9EC5DB5617AB9417008E5009 /* iPhone.storyboard */,
				9EC5DB4517AB9416008E5009 /* Supporting Files */,
			);
			path = Endocon;
			sourceTree = "<group>";
		};
		9EC5DB4517AB9416008E5009 /* Supporting Files */ = {
			isa = PBXGroup;
			children = (
				9EC5DB4617AB9416008E5009 /* Endocon-Info.plist */,
				9EC5DB4717AB9416008E5009 /* InfoPlist.strings */,
				9EC5DB4A17AB9416008E5009 /* main.m */,
				9EC5DB4C17AB9416008E5009 /* Endocon-Prefix.pch */,
				9EC5DB5017AB9416008E5009 /* Default.png */,
				9EC5DB5217AB9417008E5009 /* Default@2x.png */,
				9EC5DB5417AB9417008E5009 /* Default-568h@2x.png */,
			);
			name = "Supporting Files";
			sourceTree = "<group>";
		};
		9EC5DB6117AB95C4008E5009 /* Models */ = {
			isa = PBXGroup;
			children = (
			);
			name = Models;
			sourceTree = "<group>";
		};
		9EC5DB6217AB95CC008E5009 /* Views */ = {
			isa = PBXGroup;
			children = (
				9EC5DB8717ABDFFB008E5009 /* ECMainViewCell.h */,
				9EC5DB8817ABDFFB008E5009 /* ECMainViewCell.m */,
				9EEC3FB617B370AA00A09734 /* ECFacultyViewCell.h */,
				9EEC3FB717B370AA00A09734 /* ECFacultyViewCell.m */,
				9EDB281717CA0A95008CE5B7 /* ECCommitteCell.h */,
				9EDB281817CA0A95008CE5B7 /* ECCommitteCell.m */,
				9E544A0317CCB571005DA968 /* ECMainHeaderView.h */,
				9E544A0417CCB571005DA968 /* ECMainHeaderView.m */,
			);
			name = Views;
			sourceTree = "<group>";
		};
		9EC5DB6317AB95D2008E5009 /* Controllers */ = {
			isa = PBXGroup;
			children = (
				9EC5DB5917AB9417008E5009 /* ECSplashViewController.h */,
				9EC5DB5A17AB9417008E5009 /* ECSplashViewController.m */,
				9EC5DB6717ABB51E008E5009 /* ECMainViewController.h */,
				9EC5DB6817ABB51E008E5009 /* ECMainViewController.m */,
				9EC5DB8E17AC0239008E5009 /* ECSuggestionViewController.h */,
				9EC5DB8F17AC0239008E5009 /* ECSuggestionViewController.m */,
				9E436C3817B1344000554D4E /* ECQuizTableViewController.h */,
				9E436C3917B1344000554D4E /* ECQuizTableViewController.m */,
				9EC4447317B215DE00BEC95F /* ECFacultyTableViewController.h */,
				9EC4447417B215DE00BEC95F /* ECFacultyTableViewController.m */,
				9EC4447617B2172C00BEC95F /* ECAddressViewController.h */,
				9EC4447717B2172C00BEC95F /* ECAddressViewController.m */,
				9EC4447917B21D1600BEC95F /* ECAboutTableViewController.h */,
				9EC4447A17B21D1600BEC95F /* ECAboutTableViewController.m */,
				9EC4447E17B22ED600BEC95F /* ECVenueAnnotation.h */,
				9EC4447F17B22ED600BEC95F /* ECVenueAnnotation.m */,
				9EEC3FD117B3E3BD00A09734 /* ECLoginTableViewController.h */,
				9EEC3FD217B3E3BE00A09734 /* ECLoginTableViewController.m */,
				9E239A7C17B52B0200DC6800 /* ECScheduleTableViewController.h */,
				9E239A7D17B52B0200DC6800 /* ECScheduleTableViewController.m */,
				9E239A7F17B52B1E00DC6800 /* ECWorkshopTableViewController.h */,
				9E239A8017B52B1F00DC6800 /* ECWorkshopTableViewController.m */,
				9E893CC917C4DEE500A2D905 /* ECGurukulViewController.h */,
				9E893CCA17C4DEE500A2D905 /* ECGurukulViewController.m */,
				9E893CCC17C4F33D00A2D905 /* ECAbstractViewController.h */,
				9E893CCD17C4F33D00A2D905 /* ECAbstractViewController.m */,
				9EE67A3317C8A71600611732 /* ECRegisterViewController.h */,
				9EE67A3417C8A71600611732 /* ECRegisterViewController.m */,
				9EDB281417CA0654008CE5B7 /* ECCommitteViewController.h */,
				9EDB281517CA0654008CE5B7 /* ECCommitteViewController.m */,
				9E1461B817CB6F3800357057 /* ECNewsViewController.h */,
				9E1461B917CB6F3800357057 /* ECNewsViewController.m */,
				9E1461BE17CB774F00357057 /* ECContactViewController.h */,
				9E1461BF17CB774F00357057 /* ECContactViewController.m */,
				9E1461C117CB7CC200357057 /* ECVenueViewController.h */,
				9E1461C217CB7CC200357057 /* ECVenueViewController.m */,
			);
			name = Controllers;
			sourceTree = "<group>";
		};
		9EC5DB6417AB95D9008E5009 /* Resources */ = {
			isa = PBXGroup;
			children = (
				9E3DEBD117C8EB85008B674F /* splash-background-dark.png */,
				9EF8E68817C8E49400D4E4BA /* psg.png */,
				9EA6EA4717C8E46C009773E9 /* dsge.png */,
				9EE67A3817C8E3FB00611732 /* dmhrc.png */,
				9EE67A3617C8E3E700611732 /* sgei.png */,
				9E2104BC17C79608001F1392 /* splash-background.png */,
				9E239A6217B4F21F00DC6800 /* marriott.jpg */,
				9E2104B617C729D3001F1392 /* Vision202Logo.png */,
				9EEC3FCC17B3CC8600A09734 /* Font */,
				9EEC3FCB17B3CC6F00A09734 /* Images */,
			);
			name = Resources;
			sourceTree = "<group>";
		};
		9EC5DB6517AB9607008E5009 /* Networking */ = {
			isa = PBXGroup;
			children = (
				9E28B31117AFA5B50018E344 /* ECWebService.h */,
				9E28B31217AFA5B50018E344 /* ECWebService.m */,
			);
			name = Networking;
			sourceTree = "<group>";
		};
		9EC5DB6617AB962F008E5009 /* Libs */ = {
			isa = PBXGroup;
			children = (
				9EC5DB7F17ABBAFB008E5009 /* NSString+FontAwesome.h */,
				9EC5DB8017ABBAFB008E5009 /* NSString+FontAwesome.m */,
			);
			name = Libs;
			sourceTree = "<group>";
		};
		9EEC3FCB17B3CC6F00A09734 /* Images */ = {
			isa = PBXGroup;
			children = (
				9E544A0617CCF993005DA968 /* pin.png */,
				9E1461B017CB6BF500357057 /* envelope.png */,
				9E1461AE17CB6BA100357057 /* map.png */,
				9E1461AC17CB6B7A00357057 /* microphone.png */,
				9E1461A817CB6A9600357057 /* newspaper.png */,
				9EDB282017CA18C5008CE5B7 /* document.png */,
				9E239A7A17B529A600DC6800 /* bullhorn.png */,
				9E239A7817B5294B00DC6800 /* star.png */,
				9E239A7617B5252300DC6800 /* question.png */,
				9E239A7417B524DA00DC6800 /* info.png */,
				9E239A6A17B51BFF00DC6800 /* settings-3.png */,
				9E239A6B17B51BFF00DC6800 /* users.png */,
				9E239A6817B51BB400DC6800 /* compose-4.png */,
				9E239A6417B51B7300DC6800 /* calendar.png */,
				9EEC3FB917B3A42500A09734 /* profile_placeholder.png */,
				9EC5DB8C17ABEAAE008E5009 /* logo.png */,
			);
			name = Images;
			sourceTree = "<group>";
		};
		9EEC3FCC17B3CC8600A09734 /* Font */ = {
			isa = PBXGroup;
			children = (
				9EC5DB8217ABBB15008E5009 /* FontAwesome.ttf */,
			);
			name = Font;
			sourceTree = "<group>";
		};
/* End PBXGroup section */

/* Begin PBXNativeTarget section */
		9EC5DB3A17AB9416008E5009 /* Endocon */ = {
			isa = PBXNativeTarget;
			buildConfigurationList = 9EC5DB5E17AB9417008E5009 /* Build configuration list for PBXNativeTarget "Endocon" */;
			buildPhases = (
				47C9D72092AE49A6A6FD52C7 /* Check Pods Manifest.lock */,
				9EC5DB3717AB9416008E5009 /* Sources */,
				9EC5DB3817AB9416008E5009 /* Frameworks */,
				9EC5DB3917AB9416008E5009 /* Resources */,
				ECEA628646B44CF9A5C7D740 /* Copy Pods Resources */,
			);
			buildRules = (
			);
			dependencies = (
			);
			name = Endocon;
			productName = Endocon;
			productReference = 9EC5DB3B17AB9416008E5009 /* Endocon.app */;
			productType = "com.apple.product-type.application";
		};
/* End PBXNativeTarget section */

/* Begin PBXProject section */
		9EC5DB3317AB9416008E5009 /* Project object */ = {
			isa = PBXProject;
			attributes = {
				CLASSPREFIX = EC;
				LastUpgradeCheck = 0460;
				ORGANIZATIONNAME = "Mobisys Technology";
			};
			buildConfigurationList = 9EC5DB3617AB9416008E5009 /* Build configuration list for PBXProject "Endocon" */;
			compatibilityVersion = "Xcode 3.2";
			developmentRegion = English;
			hasScannedForEncodings = 0;
			knownRegions = (
				en,
			);
			mainGroup = 9EC5DB3217AB9416008E5009;
			productRefGroup = 9EC5DB3C17AB9416008E5009 /* Products */;
			projectDirPath = "";
			projectRoot = "";
			targets = (
				9EC5DB3A17AB9416008E5009 /* Endocon */,
			);
		};
/* End PBXProject section */

/* Begin PBXResourcesBuildPhase section */
		9EC5DB3917AB9416008E5009 /* Resources */ = {
			isa = PBXResourcesBuildPhase;
			buildActionMask = 2147483647;
			files = (
				9EC5DB4917AB9416008E5009 /* InfoPlist.strings in Resources */,
				9EC5DB5117AB9417008E5009 /* Default.png in Resources */,
				9EC5DB5317AB9417008E5009 /* Default@2x.png in Resources */,
				9EC5DB5517AB9417008E5009 /* Default-568h@2x.png in Resources */,
				9EC5DB5817AB9417008E5009 /* iPhone.storyboard in Resources */,
				9EC5DB8317ABBB15008E5009 /* FontAwesome.ttf in Resources */,
				9EC5DB8D17ABEAAE008E5009 /* logo.png in Resources */,
				9EEC3FBA17B3A42500A09734 /* profile_placeholder.png in Resources */,
				9E239A6317B4F21F00DC6800 /* marriott.jpg in Resources */,
				9E239A6517B51B7300DC6800 /* calendar.png in Resources */,
				9E239A6917B51BB400DC6800 /* compose-4.png in Resources */,
				9E239A6C17B51BFF00DC6800 /* settings-3.png in Resources */,
				9E239A6D17B51BFF00DC6800 /* users.png in Resources */,
				9E239A7517B524DA00DC6800 /* info.png in Resources */,
				9E239A7717B5252300DC6800 /* question.png in Resources */,
				9E239A7917B5294B00DC6800 /* star.png in Resources */,
				9E239A7B17B529A600DC6800 /* bullhorn.png in Resources */,
				9E2104B717C729D3001F1392 /* Vision202Logo.png in Resources */,
				9E2104BD17C79608001F1392 /* splash-background.png in Resources */,
				9EE67A3717C8E3E700611732 /* sgei.png in Resources */,
				9EE67A3917C8E3FB00611732 /* dmhrc.png in Resources */,
				9EA6EA4817C8E46C009773E9 /* dsge.png in Resources */,
				9EF8E68917C8E49400D4E4BA /* psg.png in Resources */,
				9E3DEBD217C8EB85008B674F /* splash-background-dark.png in Resources */,
				9EDB282117CA18C5008CE5B7 /* document.png in Resources */,
				9E1461A917CB6A9600357057 /* newspaper.png in Resources */,
				9E1461AD17CB6B7A00357057 /* microphone.png in Resources */,
				9E1461AF17CB6BA100357057 /* map.png in Resources */,
				9E1461B117CB6BF500357057 /* envelope.png in Resources */,
				9E544A0717CCF993005DA968 /* pin.png in Resources */,
			);
			runOnlyForDeploymentPostprocessing = 0;
		};
/* End PBXResourcesBuildPhase section */

/* Begin PBXShellScriptBuildPhase section */
		47C9D72092AE49A6A6FD52C7 /* Check Pods Manifest.lock */ = {
			isa = PBXShellScriptBuildPhase;
			buildActionMask = 2147483647;
			files = (
			);
			inputPaths = (
			);
			name = "Check Pods Manifest.lock";
			outputPaths = (
			);
			runOnlyForDeploymentPostprocessing = 0;
			shellPath = /bin/sh;
			shellScript = "diff \"${PODS_ROOT}/../Podfile.lock\" \"${PODS_ROOT}/Manifest.lock\" > /dev/null\nif [[ $? != 0 ]] ; then\n    cat << EOM\nerror: The sandbox is not in sync with the Podfile.lock. Run 'pod install' or update your CocoaPods installation.\nEOM\n    exit 1\nfi\n";
			showEnvVarsInLog = 0;
		};
		ECEA628646B44CF9A5C7D740 /* Copy Pods Resources */ = {
			isa = PBXShellScriptBuildPhase;
			buildActionMask = 2147483647;
			files = (
			);
			inputPaths = (
			);
			name = "Copy Pods Resources";
			outputPaths = (
			);
			runOnlyForDeploymentPostprocessing = 0;
			shellPath = /bin/sh;
			shellScript = "\"${SRCROOT}/Pods/Pods-resources.sh\"\n";
			showEnvVarsInLog = 0;
		};
/* End PBXShellScriptBuildPhase section */

/* Begin PBXSourcesBuildPhase section */
		9EC5DB3717AB9416008E5009 /* Sources */ = {
			isa = PBXSourcesBuildPhase;
			buildActionMask = 2147483647;
			files = (
				9EC5DB4B17AB9416008E5009 /* main.m in Sources */,
				9EC5DB4F17AB9416008E5009 /* ECAppDelegate.m in Sources */,
				9EC5DB5B17AB9417008E5009 /* ECSplashViewController.m in Sources */,
				9EC5DB6917ABB51E008E5009 /* ECMainViewController.m in Sources */,
				9EC5DB8117ABBAFB008E5009 /* NSString+FontAwesome.m in Sources */,
				9EC5DB8917ABDFFB008E5009 /* ECMainViewCell.m in Sources */,
				9EC5DB9017AC0239008E5009 /* ECSuggestionViewController.m in Sources */,
				9E28B31017AF847F0018E344 /* ECConstants.m in Sources */,
				9E28B31317AFA5B50018E344 /* ECWebService.m in Sources */,
				9E436C3A17B1344000554D4E /* ECQuizTableViewController.m in Sources */,
				9EC4447517B215DE00BEC95F /* ECFacultyTableViewController.m in Sources */,
				9EC4447817B2172C00BEC95F /* ECAddressViewController.m in Sources */,
				9EC4447B17B21D1600BEC95F /* ECAboutTableViewController.m in Sources */,
				9EC4448017B22ED600BEC95F /* ECVenueAnnotation.m in Sources */,
				9EEC3FB817B370AA00A09734 /* ECFacultyViewCell.m in Sources */,
				9EEC3FD317B3E3BE00A09734 /* ECLoginTableViewController.m in Sources */,
				9E239A7E17B52B0200DC6800 /* ECScheduleTableViewController.m in Sources */,
				9E239A8117B52B1F00DC6800 /* ECWorkshopTableViewController.m in Sources */,
				9E893CCB17C4DEE500A2D905 /* ECGurukulViewController.m in Sources */,
				9E893CCE17C4F33D00A2D905 /* ECAbstractViewController.m in Sources */,
				9EE67A3517C8A71600611732 /* ECRegisterViewController.m in Sources */,
				9EDB281617CA0654008CE5B7 /* ECCommitteViewController.m in Sources */,
				9EDB281917CA0A95008CE5B7 /* ECCommitteCell.m in Sources */,
				9E1461BA17CB6F3800357057 /* ECNewsViewController.m in Sources */,
				9E1461C017CB774F00357057 /* ECContactViewController.m in Sources */,
				9E1461C317CB7CC200357057 /* ECVenueViewController.m in Sources */,
				9E544A0517CCB571005DA968 /* ECMainHeaderView.m in Sources */,
			);
			runOnlyForDeploymentPostprocessing = 0;
		};
/* End PBXSourcesBuildPhase section */

/* Begin PBXVariantGroup section */
		9EC5DB4717AB9416008E5009 /* InfoPlist.strings */ = {
			isa = PBXVariantGroup;
			children = (
				9EC5DB4817AB9416008E5009 /* en */,
			);
			name = InfoPlist.strings;
			sourceTree = "<group>";
		};
		9EC5DB5617AB9417008E5009 /* iPhone.storyboard */ = {
			isa = PBXVariantGroup;
			children = (
				9EC5DB5717AB9417008E5009 /* en */,
			);
			name = iPhone.storyboard;
			sourceTree = "<group>";
		};
/* End PBXVariantGroup section */

/* Begin XCBuildConfiguration section */
		9EC5DB5C17AB9417008E5009 /* Debug */ = {
			isa = XCBuildConfiguration;
			buildSettings = {
				ALWAYS_SEARCH_USER_PATHS = NO;
				CLANG_CXX_LANGUAGE_STANDARD = "gnu++0x";
				CLANG_CXX_LIBRARY = "libc++";
				CLANG_ENABLE_OBJC_ARC = YES;
				CLANG_WARN_CONSTANT_CONVERSION = YES;
				CLANG_WARN_EMPTY_BODY = YES;
				CLANG_WARN_ENUM_CONVERSION = YES;
				CLANG_WARN_INT_CONVERSION = YES;
				CLANG_WARN__DUPLICATE_METHOD_MATCH = YES;
				CODE_SIGN_IDENTITY = "iPhone Developer: stuart fry (5T56ZQLGF4)";
				"CODE_SIGN_IDENTITY[sdk=iphoneos*]" = "iPhone Developer: stuart fry (5T56ZQLGF4)";
				COPY_PHASE_STRIP = NO;
				GCC_C_LANGUAGE_STANDARD = gnu99;
				GCC_DYNAMIC_NO_PIC = NO;
				GCC_OPTIMIZATION_LEVEL = 0;
				GCC_PREPROCESSOR_DEFINITIONS = (
					"DEBUG=1",
					"$(inherited)",
				);
				GCC_SYMBOLS_PRIVATE_EXTERN = NO;
				GCC_WARN_ABOUT_RETURN_TYPE = YES;
				GCC_WARN_UNINITIALIZED_AUTOS = YES;
				GCC_WARN_UNUSED_VARIABLE = YES;
				IPHONEOS_DEPLOYMENT_TARGET = 6.0;
				ONLY_ACTIVE_ARCH = YES;
				PROVISIONING_PROFILE = "";
				"PROVISIONING_PROFILE[sdk=iphoneos*]" = "";
				SDKROOT = iphoneos;
			};
			name = Debug;
		};
		9EC5DB5D17AB9417008E5009 /* Release */ = {
			isa = XCBuildConfiguration;
			buildSettings = {
				ALWAYS_SEARCH_USER_PATHS = NO;
				CLANG_CXX_LANGUAGE_STANDARD = "gnu++0x";
				CLANG_CXX_LIBRARY = "libc++";
				CLANG_ENABLE_OBJC_ARC = YES;
				CLANG_WARN_CONSTANT_CONVERSION = YES;
				CLANG_WARN_EMPTY_BODY = YES;
				CLANG_WARN_ENUM_CONVERSION = YES;
				CLANG_WARN_INT_CONVERSION = YES;
				CLANG_WARN__DUPLICATE_METHOD_MATCH = YES;
				"CODE_SIGN_IDENTITY[sdk=iphoneos*]" = "iPhone Developer";
				COPY_PHASE_STRIP = YES;
				GCC_C_LANGUAGE_STANDARD = gnu99;
				GCC_WARN_ABOUT_RETURN_TYPE = YES;
				GCC_WARN_UNINITIALIZED_AUTOS = YES;
				GCC_WARN_UNUSED_VARIABLE = YES;
				IPHONEOS_DEPLOYMENT_TARGET = 6.0;
				OTHER_CFLAGS = "-DNS_BLOCK_ASSERTIONS=1";
				SDKROOT = iphoneos;
				VALIDATE_PRODUCT = YES;
			};
			name = Release;
		};
		9EC5DB5F17AB9417008E5009 /* Debug */ = {
			isa = XCBuildConfiguration;
			baseConfigurationReference = D643EE1AA98B4A2C864656AF /* Pods.xcconfig */;
			buildSettings = {
				GCC_PRECOMPILE_PREFIX_HEADER = YES;
				GCC_PREFIX_HEADER = "Endocon/Endocon-Prefix.pch";
				INFOPLIST_FILE = "Endocon/Endocon-Info.plist";
				PRODUCT_NAME = "$(TARGET_NAME)";
				WRAPPER_EXTENSION = app;
			};
			name = Debug;
		};
		9EC5DB6017AB9417008E5009 /* Release */ = {
			isa = XCBuildConfiguration;
			baseConfigurationReference = D643EE1AA98B4A2C864656AF /* Pods.xcconfig */;
			buildSettings = {
				GCC_PRECOMPILE_PREFIX_HEADER = YES;
				GCC_PREFIX_HEADER = "Endocon/Endocon-Prefix.pch";
				INFOPLIST_FILE = "Endocon/Endocon-Info.plist";
				PRODUCT_NAME = "$(TARGET_NAME)";
				WRAPPER_EXTENSION = app;
			};
			name = Release;
		};
/* End XCBuildConfiguration section */

/* Begin XCConfigurationList section */
		9EC5DB3617AB9416008E5009 /* Build configuration list for PBXProject "Endocon" */ = {
			isa = XCConfigurationList;
			buildConfigurations = (
				9EC5DB5C17AB9417008E5009 /* Debug */,
				9EC5DB5D17AB9417008E5009 /* Release */,
			);
			defaultConfigurationIsVisible = 0;
			defaultConfigurationName = Release;
		};
		9EC5DB5E17AB9417008E5009 /* Build configuration list for PBXNativeTarget "Endocon" */ = {
			isa = XCConfigurationList;
			buildConfigurations = (
				9EC5DB5F17AB9417008E5009 /* Debug */,
				9EC5DB6017AB9417008E5009 /* Release */,
			);
			defaultConfigurationIsVisible = 0;
			defaultConfigurationName = Release;
		};
/* End XCConfigurationList section */
	};
	rootObject = 9EC5DB3317AB9416008E5009 /* Project object */;
}
